{
  "name": "ai_code",
  "lockfileVersion": 3,
  "requires": true,
  "packages": {
    "": {
      "name": "ai_code",
      "dependencies": {
        "nopt": "^7.2.0"
      },
      "devDependencies": {
        "@types/bun": "latest",
        "onigurumajs": "^1.0.0"
      }
    },
    "node_modules/@types/bun": {
      "version": "1.0.0",
      "resolved": "https://registry.npmjs.org/@types/bun/-/bun-1.0.0.tgz",
      "integrity": "sha512-TPI/aImv/fSo0SWlt29wq0tWRqQOWsC4FOXYeUK0Ni6tAS+FqJZ2p7QCGY4hmHaHQeE2KhKJ6Qn9k3kvFfXD3Q==",
      "dev": true,
      "dependencies": {
        "bun-types": "1.0.18"
      }
    },
    "node_modules/abbrev": {
      "version": "2.0.0",
      "resolved": "https://registry.npmjs.org/abbrev/-/abbrev-2.0.0.tgz",
      "integrity": "sha512-6/mh1E2u2YgEsCHdY0Yx5oW+61gZU+1vXaoiHHrpKeuRNNgFvS+/jrwHiQhB5apAf5oB7UB7E19ol2R2LKH8hQ==",
      "engines": {
        "node": "^14.17.0 || ^16.13.0 || >=18.0.0"
      }
    },
    "node_modules/bun-types": {
      "version": "1.0.18",
      "dev": true,
      "license": "MIT"
    },
    "node_modules/lodash": {
      "version": "3.10.1",
      "resolved": "https://registry.npmjs.org/lodash/-/lodash-3.10.1.tgz",
      "integrity": "sha512-9mDDwqVIma6OZX79ZlDACZl8sBm0TEnkf99zV3iMA4GzkIT/9hiqP5mY0HoT1iNLCrKc/R1HByV+yJfRWVJryQ==",
      "dev": true
    },
    "node_modules/nopt": {
      "version": "7.2.0",
      "resolved": "https://registry.npmjs.org/nopt/-/nopt-7.2.0.tgz",
      "integrity": "sha512-CVDtwCdhYIvnAzFoJ6NJ6dX3oga9/HyciQDnG1vQDjSLMeKLJ4A93ZqYKDrgYSr1FBY5/hMYC+2VCi24pgpkGA==",
      "dependencies": {
        "abbrev": "^2.0.0"
      },
      "bin": {
        "nopt": "bin/nopt.js"
      },
      "engines": {
        "node": "^14.17.0 || ^16.13.0 || >=18.0.0"
      }
    },
    "node_modules/onigurumajs": {
      "version": "1.0.0",
      "resolved": "https://registry.npmjs.org/onigurumajs/-/onigurumajs-1.0.0.tgz",
      "integrity": "sha512-KhkfscBwmUOjUuq5DsNZAhVLO3MXyvnaBrVpY9RyiGH+TFErd75jh04eGbc3r+X+10Nc1IIYQ4f0N4kfP/Th0g==",
      "dev": true,
      "dependencies": {
        "lodash": "^3.10.1",
        "xregexp": "^3.0.0"
      }
    },
    "node_modules/xregexp": {
      "version": "3.2.0",
      "resolved": "https://registry.npmjs.org/xregexp/-/xregexp-3.2.0.tgz",
      "integrity": "sha512-tWodXkrdYZPGadukpkmhKAbyp37CV5ZiFHacIVPhRZ4/sSt7qtOYHLv2dAqcPN0mBsViY2Qai9JkO7v2TBP6hg==",
      "dev": true
    }
  }
}
